
Microsoft Visual Studio Solution File, Format Version 12.00
# Visual Studio Version 17
VisualStudioVersion = 17.0.32112.339
MinimumVisualStudioVersion = 10.0.40219.1
Project("{9A19103F-16F7-4668-BE54-9A1E7A4F7556}") = "InsuranceRiskAssessment.DataAccessLayer", "InsuranceRiskAssessment.DataAccessLayer\InsuranceRiskAssessment.DataAccessLayer.csproj", "{991071CD-D612-4903-AA4E-D8A32EAA2C69}"
EndProject
Project("{9A19103F-16F7-4668-BE54-9A1E7A4F7556}") = "InsuranceRiskAssessment.BusinessLogicLayer", "InsuranceRiskAssessment.BusinessLogicLayer\InsuranceRiskAssessment.BusinessLogicLayer.csproj", "{B6967BC4-C6C5-4884-8B19-C59904B5402E}"
EndProject
Project("{9A19103F-16F7-4668-BE54-9A1E7A4F7556}") = "InsuranceRiskAssessment.Web", "InsuranceRiskAssessment.Web\InsuranceRiskAssessment.Web.csproj", "{7DDC32E4-9988-4613-86A9-3AE606AA3943}"
EndProject
Global
	GlobalSection(SolutionConfigurationPlatforms) = preSolution
		Debug|Any CPU = Debug|Any CPU
		Release|Any CPU = Release|Any CPU
	EndGlobalSection
	GlobalSection(ProjectConfigurationPlatforms) = postSolution
		{991071CD-D612-4903-AA4E-D8A32EAA2C69}.Debug|Any CPU.ActiveCfg = Debug|Any CPU
		{991071CD-D612-4903-AA4E-D8A32EAA2C69}.Debug|Any CPU.Build.0 = Debug|Any CPU
		{991071CD-D612-4903-AA4E-D8A32EAA2C69}.Release|Any CPU.ActiveCfg = Release|Any CPU
		{991071CD-D612-4903-AA4E-D8A32EAA2C69}.Release|Any CPU.Build.0 = Release|Any CPU
		{B6967BC4-C6C5-4884-8B19-C59904B5402E}.Debug|Any CPU.ActiveCfg = Debug|Any CPU
		{B6967BC4-C6C5-4884-8B19-C59904B5402E}.Debug|Any CPU.Build.0 = Debug|Any CPU
		{B6967BC4-C6C5-4884-8B19-C59904B5402E}.Release|Any CPU.ActiveCfg = Release|Any CPU
		{B6967BC4-C6C5-4884-8B19-C59904B5402E}.Release|Any CPU.Build.0 = Release|Any CPU
		{7DDC32E4-9988-4613-86A9-3AE606AA3943}.Debug|Any CPU.ActiveCfg = Debug|Any CPU
		{7DDC32E4-9988-4613-86A9-3AE606AA3943}.Debug|Any CPU.Build.0 = Debug|Any CPU
		{7DDC32E4-9988-4613-86A9-3AE606AA3943}.Release|Any CPU.ActiveCfg = Release|Any CPU
		{7DDC32E4-9988-4613-86A9-3AE606AA3943}.Release|Any CPU.Build.0 = Release|Any CPU
	EndGlobalSection
	GlobalSection(SolutionProperties) = preSolution
		HideSolutionNode = FALSE
	EndGlobalSection
	GlobalSection(ExtensibilityGlobals) = postSolution
		SolutionGuid = {B0D79CEC-91BB-46A6-B845-C53AE5BF19BF}
	EndGlobalSection
EndGlobal
